
Microsoft Visual Studio Solution File, Format Version 12.00
# Visual Studio Version 16
VisualStudioVersion = 16.0.30011.22
MinimumVisualStudioVersion = 10.0.40219.1
Project("{FAE04EC0-301F-11D3-BF4B-00C04F79EFBC}") = "hfgfxx", "hfgfxx.csproj", "{1B3F150E-5234-4BE0-8D5C-4FD0F7F1478B}"
EndProject
Global
	GlobalSection(SolutionConfigurationPlatforms) = preSolution
		Debug|Any CPU = Debug|Any CPU
		Release|Any CPU = Release|Any CPU
	EndGlobalSection
	GlobalSection(ProjectConfigurationPlatforms) = postSolution
		{1B3F150E-5234-4BE0-8D5C-4FD0F7F1478B}.Debug|Any CPU.ActiveCfg = Debug|Any CPU
		{1B3F150E-5234-4BE0-8D5C-4FD0F7F1478B}.Debug|Any CPU.Build.0 = Debug|Any CPU
		{1B3F150E-5234-4BE0-8D5C-4FD0F7F1478B}.Release|Any CPU.ActiveCfg = Release|Any CPU
		{1B3F150E-5234-4BE0-8D5C-4FD0F7F1478B}.Release|Any CPU.Build.0 = Release|Any CPU
	EndGlobalSection
	GlobalSection(SolutionProperties) = preSolution
		HideSolutionNode = FALSE
	EndGlobalSection
	GlobalSection(ExtensibilityGlobals) = postSolution
		SolutionGuid = {3B813765-581A-4BE4-BBEA-B076BE195B6F}
	EndGlobalSection
EndGlobal
